
Microsoft Visual Studio Solution File, Format Version 12.00
# Visual Studio Version 17
VisualStudioVersion = 17.5.33424.131
MinimumVisualStudioVersion = 10.0.40219.1
Project("{FAE04EC0-301F-11D3-BF4B-00C04F79EFBC}") = "hospitalDbConnect", "hospitalDbConnect\hospitalDbConnect.csproj", "{98F43652-F60E-457F-A445-DBF3CA0ABBAC}"
EndProject
Project("{2150E333-8FDC-42A3-9474-1A3956D46DE8}") = "Solution Items", "Solution Items", "{A14CC995-A78E-4F1F-9FF8-452134ED903E}"
	ProjectSection(SolutionItems) = preProject
		.editorconfig = .editorconfig
	EndProjectSection
EndProject
Global
	GlobalSection(SolutionConfigurationPlatforms) = preSolution
		Debug|Any CPU = Debug|Any CPU
		Release|Any CPU = Release|Any CPU
	EndGlobalSection
	GlobalSection(ProjectConfigurationPlatforms) = postSolution
		{98F43652-F60E-457F-A445-DBF3CA0ABBAC}.Debug|Any CPU.ActiveCfg = Debug|Any CPU
		{98F43652-F60E-457F-A445-DBF3CA0ABBAC}.Debug|Any CPU.Build.0 = Debug|Any CPU
		{98F43652-F60E-457F-A445-DBF3CA0ABBAC}.Release|Any CPU.ActiveCfg = Release|Any CPU
		{98F43652-F60E-457F-A445-DBF3CA0ABBAC}.Release|Any CPU.Build.0 = Release|Any CPU
	EndGlobalSection
	GlobalSection(SolutionProperties) = preSolution
		HideSolutionNode = FALSE
	EndGlobalSection
	GlobalSection(ExtensibilityGlobals) = postSolution
		SolutionGuid = {B5E026E8-884F-43C3-A264-0194A857ADAB}
	EndGlobalSection
EndGlobal
